
Microsoft Visual Studio Solution File, Format Version 12.00
# Visual Studio Version 16
VisualStudioVersion = 16.0.29728.190
MinimumVisualStudioVersion = 10.0.40219.1
Project("{9A19103F-16F7-4668-BE54-9A1E7A4F7556}") = "MssaSd7Hw", "MssaSd7Hw\MssaSd7Hw.csproj", "{CDE388D8-94FA-4B6A-9463-0EC2B8723B2E}"
EndProject
Project("{9A19103F-16F7-4668-BE54-9A1E7A4F7556}") = "HW5D", "HW5D\HW5D.csproj", "{8B904F3B-DF97-4B77-8DFA-1285EC8FB264}"
EndProject
Project("{FAE04EC0-301F-11D3-BF4B-00C04F79EFBC}") = "Lab Module 1 Framework", "Lab Module 1 Framework\Lab Module 1 Framework.csproj", "{1CFEEB6F-F28A-4A06-9F38-A5C94EAF4D9B}"
EndProject
Project("{9A19103F-16F7-4668-BE54-9A1E7A4F7556}") = "EX6AManipulatingArray", "EX6AManipulatingArray\EX6AManipulatingArray.csproj", "{B84B705D-A7AD-45E5-B23C-0D84A04CE9AD}"
EndProject
Project("{9A19103F-16F7-4668-BE54-9A1E7A4F7556}") = "Key-ValueStore", "Key-ValueStore\Key-ValueStore.csproj", "{744C2402-E35D-432F-A54A-B7AC9F2F5027}"
EndProject
Project("{9A19103F-16F7-4668-BE54-9A1E7A4F7556}") = "GoWebPagesMovie", "GoWebPagesMovie\GoWebPagesMovie.csproj", "{590BAB47-4FF8-42BB-AE4D-46B079CD756E}"
EndProject
Project("{9A19103F-16F7-4668-BE54-9A1E7A4F7556}") = "MvcMovieSD7", "MvcMovieSD7\MvcMovieSD7.csproj", "{0A40FF7E-593E-4B49-9DAC-4143F9EA8ACB}"
EndProject
Project("{9A19103F-16F7-4668-BE54-9A1E7A4F7556}") = "AnimalSound", "AnimalSound\AnimalSound.csproj", "{C3DB450D-F912-49A0-9AD8-B72A6EF779A0}"
EndProject
Project("{9A19103F-16F7-4668-BE54-9A1E7A4F7556}") = "Ex4D", "Ex4D\Ex4D.csproj", "{079EFC0A-5C09-4E4F-A53E-324E4343CD79}"
EndProject
Project("{9A19103F-16F7-4668-BE54-9A1E7A4F7556}") = "GameRoulette", "GameRoulette\GameRoulette.csproj", "{4CB3184A-DDDF-454D-9878-84E64693E997}"
EndProject
Project("{9A19103F-16F7-4668-BE54-9A1E7A4F7556}") = "LangFeatures7", "LangFeatures7\LangFeatures7.csproj", "{A7D79579-05D1-46C5-9195-1129E2CB935F}"
EndProject
Project("{9A19103F-16F7-4668-BE54-9A1E7A4F7556}") = "MediaPlayer", "MediaPlayer\MediaPlayer.csproj", "{E019EF66-8ADB-4F51-9F25-E30E4528B022}"
EndProject
Project("{9A19103F-16F7-4668-BE54-9A1E7A4F7556}") = "MonteCarlo", "MonteCarlo\MonteCarlo.csproj", "{DC6DDBCD-FB4F-4692-9E8A-0CF7A4BA1C39}"
EndProject
Project("{9A19103F-16F7-4668-BE54-9A1E7A4F7556}") = "Quizzes", "Quizzes\Quizzes.csproj", "{D8E7B6BA-7CC1-4661-B834-0BE78DB4120F}"
EndProject
Project("{9A19103F-16F7-4668-BE54-9A1E7A4F7556}") = "RazorSD7", "RazorSD7\RazorSD7.csproj", "{24B3B89C-35F9-493E-AC32-EE34636F2446}"
EndProject
Project("{9A19103F-16F7-4668-BE54-9A1E7A4F7556}") = "RecursiveMethods", "RecursiveMethods\RecursiveMethods.csproj", "{3A81A4ED-F56D-4B15-892B-90F0B1D0D33A}"
EndProject
Project("{9A19103F-16F7-4668-BE54-9A1E7A4F7556}") = "WorkingWithVS7", "WorkingWithVS7\WorkingWithVS7.csproj", "{9C9F4598-CC44-4BC3-971E-C7CA848850FC}"
EndProject
Project("{9A19103F-16F7-4668-BE54-9A1E7A4F7556}") = "WorkingWithVS7.Tests", "WorkingWithVS7.Tests\WorkingWithVS7.Tests.csproj", "{D7AC17EB-2DB6-4165-96C8-16A403F60A19}"
EndProject
Project("{FAE04EC0-301F-11D3-BF4B-00C04F79EFBC}") = "ContosoSite7", "ContosoSite7\ContosoSite7.csproj", "{F6A12EE3-C38D-48A1-80E2-20B5A721D689}"
EndProject
Project("{00D1A9C2-B5F0-4AF3-8072-F6C62B433612}") = "ContosoUniversityData7", "ContosoUniversityData7\ContosoUniversityData7.sqlproj", "{8ABF0CEF-3353-4B12-B796-0837A6AEAD48}"
EndProject
Project("{9A19103F-16F7-4668-BE54-9A1E7A4F7556}") = "Tuition", "Tuition\Tuition.csproj", "{4576839D-D4D1-4FF5-88B5-40FAC1673913}"
EndProject
Project("{9A19103F-16F7-4668-BE54-9A1E7A4F7556}") = "SportStoreSD7", "SportStoreSD7\SportStoreSD7.csproj", "{92268A8A-161A-4023-A2F9-B782DD447958}"
EndProject
Project("{9A19103F-16F7-4668-BE54-9A1E7A4F7556}") = "SportStoreSD7.Test", "SportStoreSD7Test\SportStoreSD7.Test.csproj", "{E3636065-3B83-4E54-A16C-B5A6B8D71F02}"
EndProject
Project("{FAE04EC0-301F-11D3-BF4B-00C04F79EFBC}") = "BaseNumber7", "BaseNumber7\BaseNumber7.csproj", "{B5845379-4525-4521-AF4F-C60FE70193DB}"
EndProject
Global
	GlobalSection(SolutionConfigurationPlatforms) = preSolution
		Debug|Any CPU = Debug|Any CPU
		Release|Any CPU = Release|Any CPU
	EndGlobalSection
	GlobalSection(ProjectConfigurationPlatforms) = postSolution
		{CDE388D8-94FA-4B6A-9463-0EC2B8723B2E}.Debug|Any CPU.ActiveCfg = Debug|Any CPU
		{CDE388D8-94FA-4B6A-9463-0EC2B8723B2E}.Debug|Any CPU.Build.0 = Debug|Any CPU
		{CDE388D8-94FA-4B6A-9463-0EC2B8723B2E}.Release|Any CPU.ActiveCfg = Release|Any CPU
		{CDE388D8-94FA-4B6A-9463-0EC2B8723B2E}.Release|Any CPU.Build.0 = Release|Any CPU
		{8B904F3B-DF97-4B77-8DFA-1285EC8FB264}.Debug|Any CPU.ActiveCfg = Debug|Any CPU
		{8B904F3B-DF97-4B77-8DFA-1285EC8FB264}.Debug|Any CPU.Build.0 = Debug|Any CPU
		{8B904F3B-DF97-4B77-8DFA-1285EC8FB264}.Release|Any CPU.ActiveCfg = Release|Any CPU
		{8B904F3B-DF97-4B77-8DFA-1285EC8FB264}.Release|Any CPU.Build.0 = Release|Any CPU
		{1CFEEB6F-F28A-4A06-9F38-A5C94EAF4D9B}.Debug|Any CPU.ActiveCfg = Debug|Any CPU
		{1CFEEB6F-F28A-4A06-9F38-A5C94EAF4D9B}.Debug|Any CPU.Build.0 = Debug|Any CPU
		{1CFEEB6F-F28A-4A06-9F38-A5C94EAF4D9B}.Release|Any CPU.ActiveCfg = Release|Any CPU
		{1CFEEB6F-F28A-4A06-9F38-A5C94EAF4D9B}.Release|Any CPU.Build.0 = Release|Any CPU
		{B84B705D-A7AD-45E5-B23C-0D84A04CE9AD}.Debug|Any CPU.ActiveCfg = Debug|Any CPU
		{B84B705D-A7AD-45E5-B23C-0D84A04CE9AD}.Debug|Any CPU.Build.0 = Debug|Any CPU
		{B84B705D-A7AD-45E5-B23C-0D84A04CE9AD}.Release|Any CPU.ActiveCfg = Release|Any CPU
		{B84B705D-A7AD-45E5-B23C-0D84A04CE9AD}.Release|Any CPU.Build.0 = Release|Any CPU
		{744C2402-E35D-432F-A54A-B7AC9F2F5027}.Debug|Any CPU.ActiveCfg = Debug|Any CPU
		{744C2402-E35D-432F-A54A-B7AC9F2F5027}.Debug|Any CPU.Build.0 = Debug|Any CPU
		{744C2402-E35D-432F-A54A-B7AC9F2F5027}.Release|Any CPU.ActiveCfg = Release|Any CPU
		{744C2402-E35D-432F-A54A-B7AC9F2F5027}.Release|Any CPU.Build.0 = Release|Any CPU
		{590BAB47-4FF8-42BB-AE4D-46B079CD756E}.Debug|Any CPU.ActiveCfg = Debug|Any CPU
		{590BAB47-4FF8-42BB-AE4D-46B079CD756E}.Debug|Any CPU.Build.0 = Debug|Any CPU
		{590BAB47-4FF8-42BB-AE4D-46B079CD756E}.Release|Any CPU.ActiveCfg = Release|Any CPU
		{590BAB47-4FF8-42BB-AE4D-46B079CD756E}.Release|Any CPU.Build.0 = Release|Any CPU
		{0A40FF7E-593E-4B49-9DAC-4143F9EA8ACB}.Debug|Any CPU.ActiveCfg = Debug|Any CPU
		{0A40FF7E-593E-4B49-9DAC-4143F9EA8ACB}.Debug|Any CPU.Build.0 = Debug|Any CPU
		{0A40FF7E-593E-4B49-9DAC-4143F9EA8ACB}.Release|Any CPU.ActiveCfg = Release|Any CPU
		{0A40FF7E-593E-4B49-9DAC-4143F9EA8ACB}.Release|Any CPU.Build.0 = Release|Any CPU
		{C3DB450D-F912-49A0-9AD8-B72A6EF779A0}.Debug|Any CPU.ActiveCfg = Debug|Any CPU
		{C3DB450D-F912-49A0-9AD8-B72A6EF779A0}.Debug|Any CPU.Build.0 = Debug|Any CPU
		{C3DB450D-F912-49A0-9AD8-B72A6EF779A0}.Release|Any CPU.ActiveCfg = Release|Any CPU
		{C3DB450D-F912-49A0-9AD8-B72A6EF779A0}.Release|Any CPU.Build.0 = Release|Any CPU
		{079EFC0A-5C09-4E4F-A53E-324E4343CD79}.Debug|Any CPU.ActiveCfg = Debug|Any CPU
		{079EFC0A-5C09-4E4F-A53E-324E4343CD79}.Debug|Any CPU.Build.0 = Debug|Any CPU
		{079EFC0A-5C09-4E4F-A53E-324E4343CD79}.Release|Any CPU.ActiveCfg = Release|Any CPU
		{079EFC0A-5C09-4E4F-A53E-324E4343CD79}.Release|Any CPU.Build.0 = Release|Any CPU
		{4CB3184A-DDDF-454D-9878-84E64693E997}.Debug|Any CPU.ActiveCfg = Debug|Any CPU
		{4CB3184A-DDDF-454D-9878-84E64693E997}.Debug|Any CPU.Build.0 = Debug|Any CPU
		{4CB3184A-DDDF-454D-9878-84E64693E997}.Release|Any CPU.ActiveCfg = Release|Any CPU
		{4CB3184A-DDDF-454D-9878-84E64693E997}.Release|Any CPU.Build.0 = Release|Any CPU
		{A7D79579-05D1-46C5-9195-1129E2CB935F}.Debug|Any CPU.ActiveCfg = Debug|Any CPU
		{A7D79579-05D1-46C5-9195-1129E2CB935F}.Debug|Any CPU.Build.0 = Debug|Any CPU
		{A7D79579-05D1-46C5-9195-1129E2CB935F}.Release|Any CPU.ActiveCfg = Release|Any CPU
		{A7D79579-05D1-46C5-9195-1129E2CB935F}.Release|Any CPU.Build.0 = Release|Any CPU
		{E019EF66-8ADB-4F51-9F25-E30E4528B022}.Debug|Any CPU.ActiveCfg = Debug|Any CPU
		{E019EF66-8ADB-4F51-9F25-E30E4528B022}.Debug|Any CPU.Build.0 = Debug|Any CPU
		{E019EF66-8ADB-4F51-9F25-E30E4528B022}.Release|Any CPU.ActiveCfg = Release|Any CPU
		{E019EF66-8ADB-4F51-9F25-E30E4528B022}.Release|Any CPU.Build.0 = Release|Any CPU
		{DC6DDBCD-FB4F-4692-9E8A-0CF7A4BA1C39}.Debug|Any CPU.ActiveCfg = Debug|Any CPU
		{DC6DDBCD-FB4F-4692-9E8A-0CF7A4BA1C39}.Debug|Any CPU.Build.0 = Debug|Any CPU
		{DC6DDBCD-FB4F-4692-9E8A-0CF7A4BA1C39}.Release|Any CPU.ActiveCfg = Release|Any CPU
		{DC6DDBCD-FB4F-4692-9E8A-0CF7A4BA1C39}.Release|Any CPU.Build.0 = Release|Any CPU
		{D8E7B6BA-7CC1-4661-B834-0BE78DB4120F}.Debug|Any CPU.ActiveCfg = Debug|Any CPU
		{D8E7B6BA-7CC1-4661-B834-0BE78DB4120F}.Debug|Any CPU.Build.0 = Debug|Any CPU
		{D8E7B6BA-7CC1-4661-B834-0BE78DB4120F}.Release|Any CPU.ActiveCfg = Release|Any CPU
		{D8E7B6BA-7CC1-4661-B834-0BE78DB4120F}.Release|Any CPU.Build.0 = Release|Any CPU
		{24B3B89C-35F9-493E-AC32-EE34636F2446}.Debug|Any CPU.ActiveCfg = Debug|Any CPU
		{24B3B89C-35F9-493E-AC32-EE34636F2446}.Debug|Any CPU.Build.0 = Debug|Any CPU
		{24B3B89C-35F9-493E-AC32-EE34636F2446}.Release|Any CPU.ActiveCfg = Release|Any CPU
		{24B3B89C-35F9-493E-AC32-EE34636F2446}.Release|Any CPU.Build.0 = Release|Any CPU
		{3A81A4ED-F56D-4B15-892B-90F0B1D0D33A}.Debug|Any CPU.ActiveCfg = Debug|Any CPU
		{3A81A4ED-F56D-4B15-892B-90F0B1D0D33A}.Debug|Any CPU.Build.0 = Debug|Any CPU
		{3A81A4ED-F56D-4B15-892B-90F0B1D0D33A}.Release|Any CPU.ActiveCfg = Release|Any CPU
		{3A81A4ED-F56D-4B15-892B-90F0B1D0D33A}.Release|Any CPU.Build.0 = Release|Any CPU
		{9C9F4598-CC44-4BC3-971E-C7CA848850FC}.Debug|Any CPU.ActiveCfg = Debug|Any CPU
		{9C9F4598-CC44-4BC3-971E-C7CA848850FC}.Debug|Any CPU.Build.0 = Debug|Any CPU
		{9C9F4598-CC44-4BC3-971E-C7CA848850FC}.Release|Any CPU.ActiveCfg = Release|Any CPU
		{9C9F4598-CC44-4BC3-971E-C7CA848850FC}.Release|Any CPU.Build.0 = Release|Any CPU
		{D7AC17EB-2DB6-4165-96C8-16A403F60A19}.Debug|Any CPU.ActiveCfg = Debug|Any CPU
		{D7AC17EB-2DB6-4165-96C8-16A403F60A19}.Debug|Any CPU.Build.0 = Debug|Any CPU
		{D7AC17EB-2DB6-4165-96C8-16A403F60A19}.Release|Any CPU.ActiveCfg = Release|Any CPU
		{D7AC17EB-2DB6-4165-96C8-16A403F60A19}.Release|Any CPU.Build.0 = Release|Any CPU
		{F6A12EE3-C38D-48A1-80E2-20B5A721D689}.Debug|Any CPU.ActiveCfg = Debug|Any CPU
		{F6A12EE3-C38D-48A1-80E2-20B5A721D689}.Debug|Any CPU.Build.0 = Debug|Any CPU
		{F6A12EE3-C38D-48A1-80E2-20B5A721D689}.Release|Any CPU.ActiveCfg = Release|Any CPU
		{F6A12EE3-C38D-48A1-80E2-20B5A721D689}.Release|Any CPU.Build.0 = Release|Any CPU
		{8ABF0CEF-3353-4B12-B796-0837A6AEAD48}.Debug|Any CPU.ActiveCfg = Debug|Any CPU
		{8ABF0CEF-3353-4B12-B796-0837A6AEAD48}.Debug|Any CPU.Build.0 = Debug|Any CPU
		{8ABF0CEF-3353-4B12-B796-0837A6AEAD48}.Debug|Any CPU.Deploy.0 = Debug|Any CPU
		{8ABF0CEF-3353-4B12-B796-0837A6AEAD48}.Release|Any CPU.ActiveCfg = Release|Any CPU
		{8ABF0CEF-3353-4B12-B796-0837A6AEAD48}.Release|Any CPU.Build.0 = Release|Any CPU
		{8ABF0CEF-3353-4B12-B796-0837A6AEAD48}.Release|Any CPU.Deploy.0 = Release|Any CPU
		{4576839D-D4D1-4FF5-88B5-40FAC1673913}.Debug|Any CPU.ActiveCfg = Debug|Any CPU
		{4576839D-D4D1-4FF5-88B5-40FAC1673913}.Debug|Any CPU.Build.0 = Debug|Any CPU
		{4576839D-D4D1-4FF5-88B5-40FAC1673913}.Release|Any CPU.ActiveCfg = Release|Any CPU
		{4576839D-D4D1-4FF5-88B5-40FAC1673913}.Release|Any CPU.Build.0 = Release|Any CPU
		{92268A8A-161A-4023-A2F9-B782DD447958}.Debug|Any CPU.ActiveCfg = Debug|Any CPU
		{92268A8A-161A-4023-A2F9-B782DD447958}.Debug|Any CPU.Build.0 = Debug|Any CPU
		{92268A8A-161A-4023-A2F9-B782DD447958}.Release|Any CPU.ActiveCfg = Release|Any CPU
		{92268A8A-161A-4023-A2F9-B782DD447958}.Release|Any CPU.Build.0 = Release|Any CPU
		{E3636065-3B83-4E54-A16C-B5A6B8D71F02}.Debug|Any CPU.ActiveCfg = Debug|Any CPU
		{E3636065-3B83-4E54-A16C-B5A6B8D71F02}.Debug|Any CPU.Build.0 = Debug|Any CPU
		{E3636065-3B83-4E54-A16C-B5A6B8D71F02}.Release|Any CPU.ActiveCfg = Release|Any CPU
		{E3636065-3B83-4E54-A16C-B5A6B8D71F02}.Release|Any CPU.Build.0 = Release|Any CPU
		{B5845379-4525-4521-AF4F-C60FE70193DB}.Debug|Any CPU.ActiveCfg = Debug|Any CPU
		{B5845379-4525-4521-AF4F-C60FE70193DB}.Debug|Any CPU.Build.0 = Debug|Any CPU
		{B5845379-4525-4521-AF4F-C60FE70193DB}.Release|Any CPU.ActiveCfg = Release|Any CPU
		{B5845379-4525-4521-AF4F-C60FE70193DB}.Release|Any CPU.Build.0 = Release|Any CPU
	EndGlobalSection
	GlobalSection(SolutionProperties) = preSolution
		HideSolutionNode = FALSE
	EndGlobalSection
	GlobalSection(ExtensibilityGlobals) = postSolution
		SolutionGuid = {A47978BD-8A78-4F10-95E5-8DD3AAA895EA}
	EndGlobalSection
EndGlobal
